{
	"name": "totalproject",
	"version": "1.0.0",
	"lockfileVersion": 2,
	"requires": true,
	"packages": {
		"": {
			"name": "totalproject",
			"version": "1.0.0",
			"license": "MIT",
			"dependencies": {
				"total4": "latest"
			}
		},
		"node_modules/total4": {
			"version": "0.0.58",
			"resolved": "https://registry.npmjs.org/total4/-/total4-0.0.58.tgz",
			"integrity": "sha512-jm1UV79KucilvKVaoPP/2Y6brphw6+Fia6q+jGmDYmSa3zI4RysLaLlAdt2MxL1qRtmV7VkdhcH5aFxg/kXkMw==",
			"bin": {
				"total4": "bin/total4"
			}
		}
	},
	"dependencies": {
		"total4": {
			"version": "0.0.58",
			"resolved": "https://registry.npmjs.org/total4/-/total4-0.0.58.tgz",
			"integrity": "sha512-jm1UV79KucilvKVaoPP/2Y6brphw6+Fia6q+jGmDYmSa3zI4RysLaLlAdt2MxL1qRtmV7VkdhcH5aFxg/kXkMw=="
		}
	}
}
